// !$*UTF8*$!
{
	archiveVersion = 1;
	classes = {
	};
	objectVersion = 50;
	objects = {

/* Begin PBXBuildFile section */
		CEF66F9E257FCEAC003FE754 /* AppDelegate.swift in Sources */ = {isa = PBXBuildFile; fileRef = CEF66F9D257FCEAC003FE754 /* AppDelegate.swift */; };
		CEF66FA0257FCEAC003FE754 /* SceneDelegate.swift in Sources */ = {isa = PBXBuildFile; fileRef = CEF66F9F257FCEAC003FE754 /* SceneDelegate.swift */; };
		CEF66FA2257FCEAC003FE754 /* ContentView.swift in Sources */ = {isa = PBXBuildFile; fileRef = CEF66FA1257FCEAC003FE754 /* ContentView.swift */; };
		CEF66FA4257FCEAD003FE754 /* Assets.xcassets in Resources */ = {isa = PBXBuildFile; fileRef = CEF66FA3257FCEAD003FE754 /* Assets.xcassets */; };
		CEF66FA7257FCEAD003FE754 /* Preview Assets.xcassets in Resources */ = {isa = PBXBuildFile; fileRef = CEF66FA6257FCEAD003FE754 /* Preview Assets.xcassets */; };
		CEF66FAA257FCEAD003FE754 /* LaunchScreen.storyboard in Resources */ = {isa = PBXBuildFile; fileRef = CEF66FA8257FCEAD003FE754 /* LaunchScreen.storyboard */; };
/* End PBXBuildFile section */

/* Begin PBXFileReference section */
		CEF66F9A257FCEAC003FE754 /* SwiftUISimpleList.app */ = {isa = PBXFileReference; explicitFileType = wrapper.application; includeInIndex = 0; path = SwiftUISimpleList.app; sourceTree = BUILT_PRODUCTS_DIR; };
		CEF66F9D257FCEAC003FE754 /* AppDelegate.swift */ = {isa = PBXFileReference; lastKnownFileType = sourcecode.swift; path = AppDelegate.swift; sourceTree = "<group>"; };
		CEF66F9F257FCEAC003FE754 /* SceneDelegate.swift */ = {isa = PBXFileReference; lastKnownFileType = sourcecode.swift; path = SceneDelegate.swift; sourceTree = "<group>"; };
		CEF66FA1257FCEAC003FE754 /* ContentView.swift */ = {isa = PBXFileReference; lastKnownFileType = sourcecode.swift; path = ContentView.swift; sourceTree = "<group>"; };
		CEF66FA3257FCEAD003FE754 /* Assets.xcassets */ = {isa = PBXFileReference; lastKnownFileType = folder.assetcatalog; path = Assets.xcassets; sourceTree = "<group>"; };
		CEF66FA6257FCEAD003FE754 /* Preview Assets.xcassets */ = {isa = PBXFileReference; lastKnownFileType = folder.assetcatalog; path = "Preview Assets.xcassets"; sourceTree = "<group>"; };
		CEF66FA9257FCEAD003FE754 /* Base */ = {isa = PBXFileReference; lastKnownFileType = file.storyboard; name = Base; path = Base.lproj/LaunchScreen.storyboard; sourceTree = "<group>"; };
		CEF66FAB257FCEAD003FE754 /* Info.plist */ = {isa = PBXFileReference; lastKnownFileType = text.plist.xml; path = Info.plist; sourceTree = "<group>"; };
/* End PBXFileReference section */

/* Begin PBXFrameworksBuildPhase section */
		CEF66F97257FCEAC003FE754 /* Frameworks */ = {
			isa = PBXFrameworksBuildPhase;
			buildActionMask = 2147483647;
			files = (
			);
			runOnlyForDeploymentPostprocessing = 0;
		};
/* End PBXFrameworksBuildPhase section */

/* Begin PBXGroup section */
		CEF66F91257FCEAC003FE754 = {
			isa = PBXGroup;
			children = (
				CEF66F9C257FCEAC003FE754 /* SwiftUISimpleList */,
				CEF66F9B257FCEAC003FE754 /* Products */,
			);
			sourceTree = "<group>";
		};
		CEF66F9B257FCEAC003FE754 /* Products */ = {
			isa = PBXGroup;
			children = (
				CEF66F9A257FCEAC003FE754 /* SwiftUISimpleList.app */,
			);
			name = Products;
			sourceTree = "<group>";
		};
		CEF66F9C257FCEAC003FE754 /* SwiftUISimpleList */ = {
			isa = PBXGroup;
			children = (
				CEF66F9D257FCEAC003FE754 /* AppDelegate.swift */,
				CEF66F9F257FCEAC003FE754 /* SceneDelegate.swift */,
				CEF66FA1257FCEAC003FE754 /* ContentView.swift */,
				CEF66FA3257FCEAD003FE754 /* Assets.xcassets */,
				CEF66FA8257FCEAD003FE754 /* LaunchScreen.storyboard */,
				CEF66FAB257FCEAD003FE754 /* Info.plist */,
				CEF66FA5257FCEAD003FE754 /* Preview Content */,
			);
			path = SwiftUISimpleList;
			sourceTree = "<group>";
		};
		CEF66FA5257FCEAD003FE754 /* Preview Content */ = {
			isa = PBXGroup;
			children = (
				CEF66FA6257FCEAD003FE754 /* Preview Assets.xcassets */,
			);
			path = "Preview Content";
			sourceTree = "<group>";
		};
/* End PBXGroup section */

/* Begin PBXNativeTarget section */
		CEF66F99257FCEAC003FE754 /* SwiftUISimpleList */ = {
			isa = PBXNativeTarget;
			buildConfigurationList = CEF66FAE257FCEAD003FE754 /* Build configuration list for PBXNativeTarget "SwiftUISimpleList" */;
			buildPhases = (
				CEF66F96257FCEAC003FE754 /* Sources */,
				CEF66F97257FCEAC003FE754 /* Frameworks */,
				CEF66F98257FCEAC003FE754 /* Resources */,
			);
			buildRules = (
			);
			dependencies = (
			);
			name = SwiftUISimpleList;
			productName = SwiftUISimpleList;
			productReference = CEF66F9A257FCEAC003FE754 /* SwiftUISimpleList.app */;
			productType = "com.apple.product-type.application";
		};
/* End PBXNativeTarget section */

/* Begin PBXProject section */
		CEF66F92257FCEAC003FE754 /* Project object */ = {
			isa = PBXProject;
			attributes = {
				LastSwiftUpdateCheck = 1130;
				LastUpgradeCheck = 1130;
				ORGANIZATIONNAME = "Blaine Beltran";
				TargetAttributes = {
					CEF66F99257FCEAC003FE754 = {
						CreatedOnToolsVersion = 11.3;
					};
				};
			};
			buildConfigurationList = CEF66F95257FCEAC003FE754 /* Build configuration list for PBXProject "SwiftUISimpleList" */;
			compatibilityVersion = "Xcode 9.3";
			developmentRegion = en;
			hasScannedForEncodings = 0;
			knownRegions = (
				en,
				Base,
			);
			mainGroup = CEF66F91257FCEAC003FE754;
			productRefGroup = CEF66F9B257FCEAC003FE754 /* Products */;
			projectDirPath = "";
			projectRoot = "";
			targets = (
				CEF66F99257FCEAC003FE754 /* SwiftUISimpleList */,
			);
		};
/* End PBXProject section */

/* Begin PBXResourcesBuildPhase section */
		CEF66F98257FCEAC003FE754 /* Resources */ = {
			isa = PBXResourcesBuildPhase;
			buildActionMask = 2147483647;
			files = (
				CEF66FAA257FCEAD003FE754 /* LaunchScreen.storyboard in Resources */,
				CEF66FA7257FCEAD003FE754 /* Preview Assets.xcassets in Resources */,
				CEF66FA4257FCEAD003FE754 /* Assets.xcassets in Resources */,
			);
			runOnlyForDeploymentPostprocessing = 0;
		};
/* End PBXResourcesBuildPhase section */

/* Begin PBXSourcesBuildPhase section */
		CEF66F96257FCEAC003FE754 /* Sources */ = {
			isa = PBXSourcesBuildPhase;
			buildActionMask = 2147483647;
			files = (
				CEF66F9E257FCEAC003FE754 /* AppDelegate.swift in Sources */,
				CEF66FA0257FCEAC003FE754 /* SceneDelegate.swift in Sources */,
				CEF66FA2257FCEAC003FE754 /* ContentView.swift in Sources */,
			);
			runOnlyForDeploymentPostprocessing = 0;
		};
/* End PBXSourcesBuildPhase section */

/* Begin PBXVariantGroup section */
		CEF66FA8257FCEAD003FE754 /* LaunchScreen.storyboard */ = {
			isa = PBXVariantGroup;
			children = (
				CEF66FA9257FCEAD003FE754 /* Base */,
			);
			name = LaunchScreen.storyboard;
			sourceTree = "<group>";
		};
/* End PBXVariantGroup section */

/* Begin XCBuildConfiguration section */
		CEF66FAC257FCEAD003FE754 /* Debug */ = {
			isa = XCBuildConfiguration;
			buildSettings = {
				ALWAYS_SEARCH_USER_PATHS = NO;
				CLANG_ANALYZER_NONNULL = YES;
				CLANG_ANALYZER_NUMBER_OBJECT_CONVERSION = YES_AGGRESSIVE;
				CLANG_CXX_LANGUAGE_STANDARD = "gnu++14";
				CLANG_CXX_LIBRARY = "libc++";
				CLANG_ENABLE_MODULES = YES;
				CLANG_ENABLE_OBJC_ARC = YES;
				CLANG_ENABLE_OBJC_WEAK = YES;
				CLANG_WARN_BLOCK_CAPTURE_AUTORELEASING = YES;
				CLANG_WARN_BOOL_CONVERSION = YES;
				CLANG_WARN_COMMA = YES;
				CLANG_WARN_CONSTANT_CONVERSION = YES;
				CLANG_WARN_DEPRECATED_OBJC_IMPLEMENTATIONS = YES;
				CLANG_WARN_DIRECT_OBJC_ISA_USAGE = YES_ERROR;
				CLANG_WARN_DOCUMENTATION_COMMENTS = YES;
				CLANG_WARN_EMPTY_BODY = YES;
				CLANG_WARN_ENUM_CONVERSION = YES;
				CLANG_WARN_INFINITE_RECURSION = YES;
				CLANG_WARN_INT_CONVERSION = YES;
				CLANG_WARN_NON_LITERAL_NULL_CONVERSION = YES;
				CLANG_WARN_OBJC_IMPLICIT_RETAIN_SELF = YES;
				CLANG_WARN_OBJC_LITERAL_CONVERSION = YES;
				CLANG_WARN_OBJC_ROOT_CLASS = YES_ERROR;
				CLANG_WARN_RANGE_LOOP_ANALYSIS = YES;
				CLANG_WARN_STRICT_PROTOTYPES = YES;
				CLANG_WARN_SUSPICIOUS_MOVE = YES;
				CLANG_WARN_UNGUARDED_AVAILABILITY = YES_AGGRESSIVE;
				CLANG_WARN_UNREACHABLE_CODE = YES;
				CLANG_WARN__DUPLICATE_METHOD_MATCH = YES;
				COPY_PHASE_STRIP = NO;
				DEBUG_INFORMATION_FORMAT = dwarf;
				ENABLE_STRICT_OBJC_MSGSEND = YES;
				ENABLE_TESTABILITY = YES;
				GCC_C_LANGUAGE_STANDARD = gnu11;
				GCC_DYNAMIC_NO_PIC = NO;
				GCC_NO_COMMON_BLOCKS = YES;
				GCC_OPTIMIZATION_LEVEL = 0;
				GCC_PREPROCESSOR_DEFINITIONS = (
					"DEBUG=1",
					"$(inherited)",
				);
				GCC_WARN_64_TO_32_BIT_CONVERSION = YES;
				GCC_WARN_ABOUT_RETURN_TYPE = YES_ERROR;
				GCC_WARN_UNDECLARED_SELECTOR = YES;
				GCC_WARN_UNINITIALIZED_AUTOS = YES_AGGRESSIVE;
				GCC_WARN_UNUSED_FUNCTION = YES;
				GCC_WARN_UNUSED_VARIABLE = YES;
				IPHONEOS_DEPLOYMENT_TARGET = 13.2;
				MTL_ENABLE_DEBUG_INFO = INCLUDE_SOURCE;
				MTL_FAST_MATH = YES;
				ONLY_ACTIVE_ARCH = YES;
				SDKROOT = iphoneos;
				SWIFT_ACTIVE_COMPILATION_CONDITIONS = DEBUG;
				SWIFT_OPTIMIZATION_LEVEL = "-Onone";
			};
			name = Debug;
		};
		CEF66FAD257FCEAD003FE754 /* Release */ = {
			isa = XCBuildConfiguration;
			buildSettings = {
				ALWAYS_SEARCH_USER_PATHS = NO;
				CLANG_ANALYZER_NONNULL = YES;
				CLANG_ANALYZER_NUMBER_OBJECT_CONVERSION = YES_AGGRESSIVE;
				CLANG_CXX_LANGUAGE_STANDARD = "gnu++14";
				CLANG_CXX_LIBRARY = "libc++";
				CLANG_ENABLE_MODULES = YES;
				CLANG_ENABLE_OBJC_ARC = YES;
				CLANG_ENABLE_OBJC_WEAK = YES;
				CLANG_WARN_BLOCK_CAPTURE_AUTORELEASING = YES;
				CLANG_WARN_BOOL_CONVERSION = YES;
				CLANG_WARN_COMMA = YES;
				CLANG_WARN_CONSTANT_CONVERSION = YES;
				CLANG_WARN_DEPRECATED_OBJC_IMPLEMENTATIONS = YES;
				CLANG_WARN_DIRECT_OBJC_ISA_USAGE = YES_ERROR;
				CLANG_WARN_DOCUMENTATION_COMMENTS = YES;
				CLANG_WARN_EMPTY_BODY = YES;
				CLANG_WARN_ENUM_CONVERSION = YES;
				CLANG_WARN_INFINITE_RECURSION = YES;
				CLANG_WARN_INT_CONVERSION = YES;
				CLANG_WARN_NON_LITERAL_NULL_CONVERSION = YES;
				CLANG_WARN_OBJC_IMPLICIT_RETAIN_SELF = YES;
				CLANG_WARN_OBJC_LITERAL_CONVERSION = YES;
				CLANG_WARN_OBJC_ROOT_CLASS = YES_ERROR;
				CLANG_WARN_RANGE_LOOP_ANALYSIS = YES;
				CLANG_WARN_STRICT_PROTOTYPES = YES;
				CLANG_WARN_SUSPICIOUS_MOVE = YES;
				CLANG_WARN_UNGUARDED_AVAILABILITY = YES_AGGRESSIVE;
				CLANG_WARN_UNREACHABLE_CODE = YES;
				CLANG_WARN__DUPLICATE_METHOD_MATCH = YES;
				COPY_PHASE_STRIP = NO;
				DEBUG_INFORMATION_FORMAT = "dwarf-with-dsym";
				ENABLE_NS_ASSERTIONS = NO;
				ENABLE_STRICT_OBJC_MSGSEND = YES;
				GCC_C_LANGUAGE_STANDARD = gnu11;
				GCC_NO_COMMON_BLOCKS = YES;
				GCC_WARN_64_TO_32_BIT_CONVERSION = YES;
				GCC_WARN_ABOUT_RETURN_TYPE = YES_ERROR;
				GCC_WARN_UNDECLARED_SELECTOR = YES;
				GCC_WARN_UNINITIALIZED_AUTOS = YES_AGGRESSIVE;
				GCC_WARN_UNUSED_FUNCTION = YES;
				GCC_WARN_UNUSED_VARIABLE = YES;
				IPHONEOS_DEPLOYMENT_TARGET = 13.2;
				MTL_ENABLE_DEBUG_INFO = NO;
				MTL_FAST_MATH = YES;
				SDKROOT = iphoneos;
				SWIFT_COMPILATION_MODE = wholemodule;
				SWIFT_OPTIMIZATION_LEVEL = "-O";
				VALIDATE_PRODUCT = YES;
			};
			name = Release;
		};
		CEF66FAF257FCEAD003FE754 /* Debug */ = {
			isa = XCBuildConfiguration;
			buildSettings = {
				ASSETCATALOG_COMPILER_APPICON_NAME = AppIcon;
				CODE_SIGN_STYLE = Automatic;
				DEVELOPMENT_ASSET_PATHS = "\"SwiftUISimpleList/Preview Content\"";
				DEVELOPMENT_TEAM = GP3JFMJA3W;
				ENABLE_PREVIEWS = YES;
				INFOPLIST_FILE = SwiftUISimpleList/Info.plist;
				LD_RUNPATH_SEARCH_PATHS = (
					"$(inherited)",
					"@executable_path/Frameworks",
				);
				PRODUCT_BUNDLE_IDENTIFIER = test.SwiftUISimpleList;
				PRODUCT_NAME = "$(TARGET_NAME)";
				SWIFT_VERSION = 5.0;
				TARGETED_DEVICE_FAMILY = "1,2";
			};
			name = Debug;
		};
		CEF66FB0257FCEAD003FE754 /* Release */ = {
			isa = XCBuildConfiguration;
			buildSettings = {
				ASSETCATALOG_COMPILER_APPICON_NAME = AppIcon;
				CODE_SIGN_STYLE = Automatic;
				DEVELOPMENT_ASSET_PATHS = "\"SwiftUISimpleList/Preview Content\"";
				DEVELOPMENT_TEAM = GP3JFMJA3W;
				ENABLE_PREVIEWS = YES;
				INFOPLIST_FILE = SwiftUISimpleList/Info.plist;
				LD_RUNPATH_SEARCH_PATHS = (
					"$(inherited)",
					"@executable_path/Frameworks",
				);
				PRODUCT_BUNDLE_IDENTIFIER = test.SwiftUISimpleList;
				PRODUCT_NAME = "$(TARGET_NAME)";
				SWIFT_VERSION = 5.0;
				TARGETED_DEVICE_FAMILY = "1,2";
			};
			name = Release;
		};
/* End XCBuildConfiguration section */

/* Begin XCConfigurationList section */
		CEF66F95257FCEAC003FE754 /* Build configuration list for PBXProject "SwiftUISimpleList" */ = {
			isa = XCConfigurationList;
			buildConfigurations = (
				CEF66FAC257FCEAD003FE754 /* Debug */,
				CEF66FAD257FCEAD003FE754 /* Release */,
			);
			defaultConfigurationIsVisible = 0;
			defaultConfigurationName = Release;
		};
		CEF66FAE257FCEAD003FE754 /* Build configuration list for PBXNativeTarget "SwiftUISimpleList" */ = {
			isa = XCConfigurationList;
			buildConfigurations = (
				CEF66FAF257FCEAD003FE754 /* Debug */,
				CEF66FB0257FCEAD003FE754 /* Release */,
			);
			defaultConfigurationIsVisible = 0;
			defaultConfigurationName = Release;
		};
/* End XCConfigurationList section */
	};
	rootObject = CEF66F92257FCEAC003FE754 /* Project object */;
}
